
Microsoft Visual Studio Solution File, Format Version 12.00
# Visual Studio Version 16
VisualStudioVersion = 16.0.29215.179
MinimumVisualStudioVersion = 10.0.40219.1
Project("{9A19103F-16F7-4668-BE54-9A1E7A4F7556}") = "ExternalProcessFunctions", "ExternalProcessFunctions\ExternalProcessFunctions.csproj", "{23505053-90B8-4234-A576-D3C6E8B81EC8}"
EndProject
Project("{8BC9CEB8-8B4A-11D0-8D11-00A0C91BC942}") = "ExternalApp", "ExternalApp\ExternalApp.vcxproj", "{B7C43AE9-993F-43D7-9E86-AAFAE6A3DE64}"
EndProject
Project("{FAE04EC0-301F-11D3-BF4B-00C04F79EFBC}") = "ExternalProcessFunctions.Tests", "ExternalProcessFunctions.Tests\ExternalProcessFunctions.Tests.csproj", "{2BFFE745-82B9-40D9-AEFD-757FA42C596E}"
EndProject
Global
	GlobalSection(SolutionConfigurationPlatforms) = preSolution
		Debug|Any CPU = Debug|Any CPU
		Debug|x64 = Debug|x64
		Debug|x86 = Debug|x86
		Release|Any CPU = Release|Any CPU
		Release|x64 = Release|x64
		Release|x86 = Release|x86
	EndGlobalSection
	GlobalSection(ProjectConfigurationPlatforms) = postSolution
		{23505053-90B8-4234-A576-D3C6E8B81EC8}.Debug|Any CPU.ActiveCfg = Debug|Any CPU
		{23505053-90B8-4234-A576-D3C6E8B81EC8}.Debug|Any CPU.Build.0 = Debug|Any CPU
		{23505053-90B8-4234-A576-D3C6E8B81EC8}.Debug|x64.ActiveCfg = Debug|Any CPU
		{23505053-90B8-4234-A576-D3C6E8B81EC8}.Debug|x64.Build.0 = Debug|Any CPU
		{23505053-90B8-4234-A576-D3C6E8B81EC8}.Debug|x86.ActiveCfg = Debug|Any CPU
		{23505053-90B8-4234-A576-D3C6E8B81EC8}.Debug|x86.Build.0 = Debug|Any CPU
		{23505053-90B8-4234-A576-D3C6E8B81EC8}.Release|Any CPU.ActiveCfg = Release|Any CPU
		{23505053-90B8-4234-A576-D3C6E8B81EC8}.Release|Any CPU.Build.0 = Release|Any CPU
		{23505053-90B8-4234-A576-D3C6E8B81EC8}.Release|x64.ActiveCfg = Release|Any CPU
		{23505053-90B8-4234-A576-D3C6E8B81EC8}.Release|x64.Build.0 = Release|Any CPU
		{23505053-90B8-4234-A576-D3C6E8B81EC8}.Release|x86.ActiveCfg = Release|Any CPU
		{23505053-90B8-4234-A576-D3C6E8B81EC8}.Release|x86.Build.0 = Release|Any CPU
		{B7C43AE9-993F-43D7-9E86-AAFAE6A3DE64}.Debug|Any CPU.ActiveCfg = Debug|Win32
		{B7C43AE9-993F-43D7-9E86-AAFAE6A3DE64}.Debug|x64.ActiveCfg = Debug|x64
		{B7C43AE9-993F-43D7-9E86-AAFAE6A3DE64}.Debug|x64.Build.0 = Debug|x64
		{B7C43AE9-993F-43D7-9E86-AAFAE6A3DE64}.Debug|x86.ActiveCfg = Debug|Win32
		{B7C43AE9-993F-43D7-9E86-AAFAE6A3DE64}.Debug|x86.Build.0 = Debug|Win32
		{B7C43AE9-993F-43D7-9E86-AAFAE6A3DE64}.Release|Any CPU.ActiveCfg = Release|Win32
		{B7C43AE9-993F-43D7-9E86-AAFAE6A3DE64}.Release|x64.ActiveCfg = Release|x64
		{B7C43AE9-993F-43D7-9E86-AAFAE6A3DE64}.Release|x64.Build.0 = Release|x64
		{B7C43AE9-993F-43D7-9E86-AAFAE6A3DE64}.Release|x86.ActiveCfg = Release|Win32
		{B7C43AE9-993F-43D7-9E86-AAFAE6A3DE64}.Release|x86.Build.0 = Release|Win32
		{2BFFE745-82B9-40D9-AEFD-757FA42C596E}.Debug|Any CPU.ActiveCfg = Debug|Any CPU
		{2BFFE745-82B9-40D9-AEFD-757FA42C596E}.Debug|Any CPU.Build.0 = Debug|Any CPU
		{2BFFE745-82B9-40D9-AEFD-757FA42C596E}.Debug|x64.ActiveCfg = Debug|Any CPU
		{2BFFE745-82B9-40D9-AEFD-757FA42C596E}.Debug|x64.Build.0 = Debug|Any CPU
		{2BFFE745-82B9-40D9-AEFD-757FA42C596E}.Debug|x86.ActiveCfg = Debug|Any CPU
		{2BFFE745-82B9-40D9-AEFD-757FA42C596E}.Debug|x86.Build.0 = Debug|Any CPU
		{2BFFE745-82B9-40D9-AEFD-757FA42C596E}.Release|Any CPU.ActiveCfg = Release|Any CPU
		{2BFFE745-82B9-40D9-AEFD-757FA42C596E}.Release|Any CPU.Build.0 = Release|Any CPU
		{2BFFE745-82B9-40D9-AEFD-757FA42C596E}.Release|x64.ActiveCfg = Release|Any CPU
		{2BFFE745-82B9-40D9-AEFD-757FA42C596E}.Release|x64.Build.0 = Release|Any CPU
		{2BFFE745-82B9-40D9-AEFD-757FA42C596E}.Release|x86.ActiveCfg = Release|Any CPU
		{2BFFE745-82B9-40D9-AEFD-757FA42C596E}.Release|x86.Build.0 = Release|Any CPU
	EndGlobalSection
	GlobalSection(SolutionProperties) = preSolution
		HideSolutionNode = FALSE
	EndGlobalSection
	GlobalSection(ExtensibilityGlobals) = postSolution
		SolutionGuid = {6F7ABE37-882F-4EE2-BF47-B2D010EDA2C0}
	EndGlobalSection
EndGlobal
